
Microsoft Visual Studio Solution File, Format Version 12.00
# Visual Studio Version 16
VisualStudioVersion = 16.0.29613.14
MinimumVisualStudioVersion = 10.0.40219.1
Project("{9A19103F-16F7-4668-BE54-9A1E7A4F7556}") = "CorrelationId", "src\CorrelationId\CorrelationId.csproj", "{865886FC-EBBE-49E1-8F49-FECD0408EF6E}"
EndProject
Project("{2150E333-8FDC-42A3-9474-1A3956D46DE8}") = "src", "src", "{9A14C73A-D8FC-40C3-81FC-D0687F43FEAF}"
EndProject
Project("{2150E333-8FDC-42A3-9474-1A3956D46DE8}") = "test", "test", "{EAF27B74-0B27-4BEE-9F82-DD5812B21B17}"
EndProject
Project("{2150E333-8FDC-42A3-9474-1A3956D46DE8}") = "samples", "samples", "{34C0F65A-8BF2-40DA-B0E7-844930EE2A7B}"
EndProject
Project("{9A19103F-16F7-4668-BE54-9A1E7A4F7556}") = "CorrelationId.Tests", "test\CorrelationId.Tests\CorrelationId.Tests.csproj", "{41035337-9829-4A6A-8EA9-42CC94734CE6}"
EndProject
Project("{2150E333-8FDC-42A3-9474-1A3956D46DE8}") = "docs", "docs", "{1DC2BB08-1FE8-43B1-BD2E-F55DA4B54038}"
	ProjectSection(SolutionItems) = preProject
		README.md = README.md
	EndProjectSection
EndProject
Project("{2150E333-8FDC-42A3-9474-1A3956D46DE8}") = "build", "build", "{5961B376-2D2A-441B-BF59-9A797AC9178B}"
	ProjectSection(SolutionItems) = preProject
		.travis.yml = .travis.yml
	EndProjectSection
EndProject
Project("{2150E333-8FDC-42A3-9474-1A3956D46DE8}") = "2.1", "2.1", "{0537FAD6-C2F9-48A9-A428-43430B079AC6}"
EndProject
Project("{2150E333-8FDC-42A3-9474-1A3956D46DE8}") = "3.1", "3.1", "{E28C5481-A68F-44AF-983F-EA127E70621A}"
EndProject
Project("{9A19103F-16F7-4668-BE54-9A1E7A4F7556}") = "MvcSample", "samples\3.1\MvcSample\MvcSample.csproj", "{9393676B-BE08-44C9-B556-7BE31CFA5B86}"
EndProject
Project("{9A19103F-16F7-4668-BE54-9A1E7A4F7556}") = "MvcSample", "samples\2.1\MvcSample\MvcSample.csproj", "{244E25C9-847A-49E0-B413-F4CA3E8F7CF4}"
EndProject
Project("{FAE04EC0-301F-11D3-BF4B-00C04F79EFBC}") = "MvcSampleTests", "samples\3.1\MvcSampleTests\MvcSampleTests.csproj", "{0E2E2678-4DBB-4560-AF0E-86ECAF8D9B6F}"
EndProject
Global
	GlobalSection(SolutionConfigurationPlatforms) = preSolution
		Debug|Any CPU = Debug|Any CPU
		Release|Any CPU = Release|Any CPU
	EndGlobalSection
	GlobalSection(ProjectConfigurationPlatforms) = postSolution
		{865886FC-EBBE-49E1-8F49-FECD0408EF6E}.Debug|Any CPU.ActiveCfg = Debug|Any CPU
		{865886FC-EBBE-49E1-8F49-FECD0408EF6E}.Debug|Any CPU.Build.0 = Debug|Any CPU
		{865886FC-EBBE-49E1-8F49-FECD0408EF6E}.Release|Any CPU.ActiveCfg = Release|Any CPU
		{865886FC-EBBE-49E1-8F49-FECD0408EF6E}.Release|Any CPU.Build.0 = Release|Any CPU
		{41035337-9829-4A6A-8EA9-42CC94734CE6}.Debug|Any CPU.ActiveCfg = Debug|Any CPU
		{41035337-9829-4A6A-8EA9-42CC94734CE6}.Debug|Any CPU.Build.0 = Debug|Any CPU
		{41035337-9829-4A6A-8EA9-42CC94734CE6}.Release|Any CPU.ActiveCfg = Release|Any CPU
		{41035337-9829-4A6A-8EA9-42CC94734CE6}.Release|Any CPU.Build.0 = Release|Any CPU
		{9393676B-BE08-44C9-B556-7BE31CFA5B86}.Debug|Any CPU.ActiveCfg = Debug|Any CPU
		{9393676B-BE08-44C9-B556-7BE31CFA5B86}.Debug|Any CPU.Build.0 = Debug|Any CPU
		{9393676B-BE08-44C9-B556-7BE31CFA5B86}.Release|Any CPU.ActiveCfg = Release|Any CPU
		{9393676B-BE08-44C9-B556-7BE31CFA5B86}.Release|Any CPU.Build.0 = Release|Any CPU
		{244E25C9-847A-49E0-B413-F4CA3E8F7CF4}.Debug|Any CPU.ActiveCfg = Debug|Any CPU
		{244E25C9-847A-49E0-B413-F4CA3E8F7CF4}.Debug|Any CPU.Build.0 = Debug|Any CPU
		{244E25C9-847A-49E0-B413-F4CA3E8F7CF4}.Release|Any CPU.ActiveCfg = Release|Any CPU
		{244E25C9-847A-49E0-B413-F4CA3E8F7CF4}.Release|Any CPU.Build.0 = Release|Any CPU
		{0E2E2678-4DBB-4560-AF0E-86ECAF8D9B6F}.Debug|Any CPU.ActiveCfg = Debug|Any CPU
		{0E2E2678-4DBB-4560-AF0E-86ECAF8D9B6F}.Debug|Any CPU.Build.0 = Debug|Any CPU
		{0E2E2678-4DBB-4560-AF0E-86ECAF8D9B6F}.Release|Any CPU.ActiveCfg = Release|Any CPU
		{0E2E2678-4DBB-4560-AF0E-86ECAF8D9B6F}.Release|Any CPU.Build.0 = Release|Any CPU
	EndGlobalSection
	GlobalSection(SolutionProperties) = preSolution
		HideSolutionNode = FALSE
	EndGlobalSection
	GlobalSection(NestedProjects) = preSolution
		{865886FC-EBBE-49E1-8F49-FECD0408EF6E} = {9A14C73A-D8FC-40C3-81FC-D0687F43FEAF}
		{41035337-9829-4A6A-8EA9-42CC94734CE6} = {EAF27B74-0B27-4BEE-9F82-DD5812B21B17}
		{0537FAD6-C2F9-48A9-A428-43430B079AC6} = {34C0F65A-8BF2-40DA-B0E7-844930EE2A7B}
		{E28C5481-A68F-44AF-983F-EA127E70621A} = {34C0F65A-8BF2-40DA-B0E7-844930EE2A7B}
		{9393676B-BE08-44C9-B556-7BE31CFA5B86} = {E28C5481-A68F-44AF-983F-EA127E70621A}
		{244E25C9-847A-49E0-B413-F4CA3E8F7CF4} = {0537FAD6-C2F9-48A9-A428-43430B079AC6}
		{0E2E2678-4DBB-4560-AF0E-86ECAF8D9B6F} = {E28C5481-A68F-44AF-983F-EA127E70621A}
	EndGlobalSection
	GlobalSection(ExtensibilityGlobals) = postSolution
		SolutionGuid = {C0A37404-C50B-472E-9491-DDE2A4BDA882}
	EndGlobalSection
EndGlobal
