
Microsoft Visual Studio Solution File, Format Version 12.00
# Visual Studio Version 16
VisualStudioVersion = 16.0.29613.14
MinimumVisualStudioVersion = 10.0.40219.1
Project("{9A19103F-16F7-4668-BE54-9A1E7A4F7556}") = "CorrelationId", "src\CorrelationId\CorrelationId.csproj", "{865886FC-EBBE-49E1-8F49-FECD0408EF6E}"
EndProject
Project("{2150E333-8FDC-42A3-9474-1A3956D46DE8}") = "src", "src", "{9A14C73A-D8FC-40C3-81FC-D0687F43FEAF}"
EndProject
Project("{2150E333-8FDC-42A3-9474-1A3956D46DE8}") = "test", "test", "{EAF27B74-0B27-4BEE-9F82-DD5812B21B17}"
EndProject
Project("{2150E333-8FDC-42A3-9474-1A3956D46DE8}") = "samples", "samples", "{34C0F65A-8BF2-40DA-B0E7-844930EE2A7B}"
EndProject
Project("{9A19103F-16F7-4668-BE54-9A1E7A4F7556}") = "CorrelationId.Tests", "test\CorrelationId.Tests\CorrelationId.Tests.csproj", "{41035337-9829-4A6A-8EA9-42CC94734CE6}"
EndProject
Project("{2150E333-8FDC-42A3-9474-1A3956D46DE8}") = "docs", "docs", "{1DC2BB08-1FE8-43B1-BD2E-F55DA4B54038}"
	ProjectSection(SolutionItems) = preProject
		docs\index.md = docs\index.md
		README.md = README.md
		docs\releasenotes.md = docs\releasenotes.md
	EndProjectSection
EndProject
Project("{2150E333-8FDC-42A3-9474-1A3956D46DE8}") = "build", "build", "{5961B376-2D2A-441B-BF59-9A797AC9178B}"
	ProjectSection(SolutionItems) = preProject
		.travis.yml = .travis.yml
		azure-pipelines.yml = azure-pipelines.yml
	EndProjectSection
EndProject
Project("{2150E333-8FDC-42A3-9474-1A3956D46DE8}") = "net6", "net6", "{E28C5481-A68F-44AF-983F-EA127E70621A}"
EndProject
Project("{2150E333-8FDC-42A3-9474-1A3956D46DE8}") = "net48", "net48", "{0D3CBD88-90B9-4364-9DE4-CA1FCC9CB023}"
EndProject
Project("{FAE04EC0-301F-11D3-BF4B-00C04F79EFBC}") = "Net48WebApiSample", "samples\net48\Net48WebApiSample\Net48WebApiSample.csproj", "{DED5BFD9-29F6-4291-B863-1995C33D686B}"
EndProject
Project("{FAE04EC0-301F-11D3-BF4B-00C04F79EFBC}") = "CorrelationId.Net48.Tests", "test\CorrelationId.Net48.Tests\CorrelationId.Net48.Tests.csproj", "{A4137EAE-590B-476C-838F-A2D4A45AAE4A}"
EndProject
Project("{FAE04EC0-301F-11D3-BF4B-00C04F79EFBC}") = "Net48CorrelationId", "samples\net48\Net48CorrelationId\Net48CorrelationId.csproj", "{29F51512-04FE-40CA-826F-0DDAD9BF5750}"
EndProject
Project("{FAE04EC0-301F-11D3-BF4B-00C04F79EFBC}") = "MvcSample", "samples\net6\MvcSample\MvcSample.csproj", "{52ED4758-2A42-415B-9423-51D84BDE1708}"
EndProject
Project("{FAE04EC0-301F-11D3-BF4B-00C04F79EFBC}") = "MvcSampleTests", "samples\net6\MvcSampleTests\MvcSampleTests.csproj", "{CF0F76FD-9AEF-4616-A93E-23B62692FADA}"
EndProject
Global
	GlobalSection(SolutionConfigurationPlatforms) = preSolution
		Debug|Any CPU = Debug|Any CPU
		Release|Any CPU = Release|Any CPU
	EndGlobalSection
	GlobalSection(ProjectConfigurationPlatforms) = postSolution
		{865886FC-EBBE-49E1-8F49-FECD0408EF6E}.Debug|Any CPU.ActiveCfg = Debug|Any CPU
		{865886FC-EBBE-49E1-8F49-FECD0408EF6E}.Debug|Any CPU.Build.0 = Debug|Any CPU
		{865886FC-EBBE-49E1-8F49-FECD0408EF6E}.Release|Any CPU.ActiveCfg = Release|Any CPU
		{865886FC-EBBE-49E1-8F49-FECD0408EF6E}.Release|Any CPU.Build.0 = Release|Any CPU
		{41035337-9829-4A6A-8EA9-42CC94734CE6}.Debug|Any CPU.ActiveCfg = Debug|Any CPU
		{41035337-9829-4A6A-8EA9-42CC94734CE6}.Debug|Any CPU.Build.0 = Debug|Any CPU
		{41035337-9829-4A6A-8EA9-42CC94734CE6}.Release|Any CPU.ActiveCfg = Release|Any CPU
		{41035337-9829-4A6A-8EA9-42CC94734CE6}.Release|Any CPU.Build.0 = Release|Any CPU
		{DED5BFD9-29F6-4291-B863-1995C33D686B}.Debug|Any CPU.ActiveCfg = Debug|Any CPU
		{DED5BFD9-29F6-4291-B863-1995C33D686B}.Debug|Any CPU.Build.0 = Debug|Any CPU
		{DED5BFD9-29F6-4291-B863-1995C33D686B}.Release|Any CPU.ActiveCfg = Release|Any CPU
		{DED5BFD9-29F6-4291-B863-1995C33D686B}.Release|Any CPU.Build.0 = Release|Any CPU
		{A4137EAE-590B-476C-838F-A2D4A45AAE4A}.Debug|Any CPU.ActiveCfg = Debug|Any CPU
		{A4137EAE-590B-476C-838F-A2D4A45AAE4A}.Debug|Any CPU.Build.0 = Debug|Any CPU
		{A4137EAE-590B-476C-838F-A2D4A45AAE4A}.Release|Any CPU.ActiveCfg = Release|Any CPU
		{A4137EAE-590B-476C-838F-A2D4A45AAE4A}.Release|Any CPU.Build.0 = Release|Any CPU
		{29F51512-04FE-40CA-826F-0DDAD9BF5750}.Debug|Any CPU.ActiveCfg = Debug|Any CPU
		{29F51512-04FE-40CA-826F-0DDAD9BF5750}.Debug|Any CPU.Build.0 = Debug|Any CPU
		{29F51512-04FE-40CA-826F-0DDAD9BF5750}.Release|Any CPU.ActiveCfg = Release|Any CPU
		{29F51512-04FE-40CA-826F-0DDAD9BF5750}.Release|Any CPU.Build.0 = Release|Any CPU
		{52ED4758-2A42-415B-9423-51D84BDE1708}.Debug|Any CPU.ActiveCfg = Debug|Any CPU
		{52ED4758-2A42-415B-9423-51D84BDE1708}.Debug|Any CPU.Build.0 = Debug|Any CPU
		{52ED4758-2A42-415B-9423-51D84BDE1708}.Release|Any CPU.ActiveCfg = Release|Any CPU
		{52ED4758-2A42-415B-9423-51D84BDE1708}.Release|Any CPU.Build.0 = Release|Any CPU
		{CF0F76FD-9AEF-4616-A93E-23B62692FADA}.Debug|Any CPU.ActiveCfg = Debug|Any CPU
		{CF0F76FD-9AEF-4616-A93E-23B62692FADA}.Debug|Any CPU.Build.0 = Debug|Any CPU
		{CF0F76FD-9AEF-4616-A93E-23B62692FADA}.Release|Any CPU.ActiveCfg = Release|Any CPU
		{CF0F76FD-9AEF-4616-A93E-23B62692FADA}.Release|Any CPU.Build.0 = Release|Any CPU
	EndGlobalSection
	GlobalSection(SolutionProperties) = preSolution
		HideSolutionNode = FALSE
	EndGlobalSection
	GlobalSection(NestedProjects) = preSolution
		{865886FC-EBBE-49E1-8F49-FECD0408EF6E} = {9A14C73A-D8FC-40C3-81FC-D0687F43FEAF}
		{41035337-9829-4A6A-8EA9-42CC94734CE6} = {EAF27B74-0B27-4BEE-9F82-DD5812B21B17}
		{E28C5481-A68F-44AF-983F-EA127E70621A} = {34C0F65A-8BF2-40DA-B0E7-844930EE2A7B}
		{0D3CBD88-90B9-4364-9DE4-CA1FCC9CB023} = {34C0F65A-8BF2-40DA-B0E7-844930EE2A7B}
		{DED5BFD9-29F6-4291-B863-1995C33D686B} = {0D3CBD88-90B9-4364-9DE4-CA1FCC9CB023}
		{A4137EAE-590B-476C-838F-A2D4A45AAE4A} = {EAF27B74-0B27-4BEE-9F82-DD5812B21B17}
		{29F51512-04FE-40CA-826F-0DDAD9BF5750} = {0D3CBD88-90B9-4364-9DE4-CA1FCC9CB023}
		{52ED4758-2A42-415B-9423-51D84BDE1708} = {E28C5481-A68F-44AF-983F-EA127E70621A}
		{CF0F76FD-9AEF-4616-A93E-23B62692FADA} = {E28C5481-A68F-44AF-983F-EA127E70621A}
	EndGlobalSection
	GlobalSection(ExtensibilityGlobals) = postSolution
		SolutionGuid = {C0A37404-C50B-472E-9491-DDE2A4BDA882}
	EndGlobalSection
EndGlobal
